
Microsoft Visual Studio Solution File, Format Version 12.00
# Visual Studio Version 16
VisualStudioVersion = 16.0.31105.61
MinimumVisualStudioVersion = 10.0.40219.1
Project("{FAE04EC0-301F-11D3-BF4B-00C04F79EFBC}") = "FloodFill", "FloodFill\FloodFill.csproj", "{F1527E28-1E70-4017-BC90-D5A7BBCC4AD5}"
EndProject
Project("{FAE04EC0-301F-11D3-BF4B-00C04F79EFBC}") = "FloodFillTests", "FloodFillTests\FloodFillTests.csproj", "{9950C0DB-3436-4AF0-9EA1-330C1097D813}"
EndProject
Global
	GlobalSection(SolutionConfigurationPlatforms) = preSolution
		Debug|Any CPU = Debug|Any CPU
		Release|Any CPU = Release|Any CPU
	EndGlobalSection
	GlobalSection(ProjectConfigurationPlatforms) = postSolution
		{F1527E28-1E70-4017-BC90-D5A7BBCC4AD5}.Debug|Any CPU.ActiveCfg = Debug|Any CPU
		{F1527E28-1E70-4017-BC90-D5A7BBCC4AD5}.Debug|Any CPU.Build.0 = Debug|Any CPU
		{F1527E28-1E70-4017-BC90-D5A7BBCC4AD5}.Release|Any CPU.ActiveCfg = Release|Any CPU
		{F1527E28-1E70-4017-BC90-D5A7BBCC4AD5}.Release|Any CPU.Build.0 = Release|Any CPU
		{9950C0DB-3436-4AF0-9EA1-330C1097D813}.Debug|Any CPU.ActiveCfg = Debug|Any CPU
		{9950C0DB-3436-4AF0-9EA1-330C1097D813}.Debug|Any CPU.Build.0 = Debug|Any CPU
		{9950C0DB-3436-4AF0-9EA1-330C1097D813}.Release|Any CPU.ActiveCfg = Release|Any CPU
		{9950C0DB-3436-4AF0-9EA1-330C1097D813}.Release|Any CPU.Build.0 = Release|Any CPU
	EndGlobalSection
	GlobalSection(SolutionProperties) = preSolution
		HideSolutionNode = FALSE
	EndGlobalSection
	GlobalSection(ExtensibilityGlobals) = postSolution
		SolutionGuid = {A5685316-0A83-4C8C-A950-A36CC609F40A}
	EndGlobalSection
EndGlobal
